
Microsoft Visual Studio Solution File, Format Version 12.00
# Visual Studio 15
VisualStudioVersion = 15.0.27130.2024
MinimumVisualStudioVersion = 10.0.40219.1
Project("{FAE04EC0-301F-11D3-BF4B-00C04F79EFBC}") = "star_wars", "star_wars\star_wars.csproj", "{B18E5339-BF87-4A68-98C5-C2F902CD42D6}"
EndProject
Global
	GlobalSection(SolutionConfigurationPlatforms) = preSolution
		Debug|Any CPU = Debug|Any CPU
		Release|Any CPU = Release|Any CPU
	EndGlobalSection
	GlobalSection(ProjectConfigurationPlatforms) = postSolution
		{B18E5339-BF87-4A68-98C5-C2F902CD42D6}.Debug|Any CPU.ActiveCfg = Debug|Any CPU
		{B18E5339-BF87-4A68-98C5-C2F902CD42D6}.Debug|Any CPU.Build.0 = Debug|Any CPU
		{B18E5339-BF87-4A68-98C5-C2F902CD42D6}.Release|Any CPU.ActiveCfg = Release|Any CPU
		{B18E5339-BF87-4A68-98C5-C2F902CD42D6}.Release|Any CPU.Build.0 = Release|Any CPU
	EndGlobalSection
	GlobalSection(SolutionProperties) = preSolution
		HideSolutionNode = FALSE
	EndGlobalSection
	GlobalSection(ExtensibilityGlobals) = postSolution
		SolutionGuid = {3729EEF9-E44A-43D8-8DF4-B51083D809A6}
	EndGlobalSection
EndGlobal
